// !$*UTF8*$!
{
	archiveVersion = 1;
	classes = {
	};
	objectVersion = 56;
	objects = {

/* Begin PBXBuildFile section */
		020163BA2B551E6B0079B338 /* GoMuscuAppApp.swift in Sources */ = {isa = PBXBuildFile; fileRef = 020163B92B551E6B0079B338 /* GoMuscuAppApp.swift */; };
		020163BC2B551E6B0079B338 /* ContentView.swift in Sources */ = {isa = PBXBuildFile; fileRef = 020163BB2B551E6B0079B338 /* ContentView.swift */; };
		020163BE2B551E6C0079B338 /* Assets.xcassets in Resources */ = {isa = PBXBuildFile; fileRef = 020163BD2B551E6C0079B338 /* Assets.xcassets */; };
		020163C12B551E6C0079B338 /* Preview Assets.xcassets in Resources */ = {isa = PBXBuildFile; fileRef = 020163C02B551E6C0079B338 /* Preview Assets.xcassets */; };
		020163C82B568FE60079B338 /* TabBar.swift in Sources */ = {isa = PBXBuildFile; fileRef = 020163C72B568FE60079B338 /* TabBar.swift */; };
		020163D22B5E71BD0079B338 /* Theme.swift in Sources */ = {isa = PBXBuildFile; fileRef = 020163D12B5E71BD0079B338 /* Theme.swift */; };
		020163D42B5E720C0079B338 /* DailyGoal.swift in Sources */ = {isa = PBXBuildFile; fileRef = 020163D32B5E720C0079B338 /* DailyGoal.swift */; };
		020163D62B5E73660079B338 /* CardDailyGoal.swift in Sources */ = {isa = PBXBuildFile; fileRef = 020163D52B5E73660079B338 /* CardDailyGoal.swift */; };
		020163D82B5E772C0079B338 /* CircularProgressView.swift in Sources */ = {isa = PBXBuildFile; fileRef = 020163D72B5E772C0079B338 /* CircularProgressView.swift */; };
		020163DE2B5E79A30079B338 /* DailyGoalsView.swift in Sources */ = {isa = PBXBuildFile; fileRef = 020163DD2B5E79A30079B338 /* DailyGoalsView.swift */; };
		020163E02B5E81230079B338 /* HomeView.swift in Sources */ = {isa = PBXBuildFile; fileRef = 020163DF2B5E81230079B338 /* HomeView.swift */; };
/* End PBXBuildFile section */

/* Begin PBXFileReference section */
		020163B62B551E6B0079B338 /* GoMuscuApp.app */ = {isa = PBXFileReference; explicitFileType = wrapper.application; includeInIndex = 0; path = GoMuscuApp.app; sourceTree = BUILT_PRODUCTS_DIR; };
		020163B92B551E6B0079B338 /* GoMuscuAppApp.swift */ = {isa = PBXFileReference; lastKnownFileType = sourcecode.swift; path = GoMuscuAppApp.swift; sourceTree = "<group>"; };
		020163BB2B551E6B0079B338 /* ContentView.swift */ = {isa = PBXFileReference; lastKnownFileType = sourcecode.swift; path = ContentView.swift; sourceTree = "<group>"; };
		020163BD2B551E6C0079B338 /* Assets.xcassets */ = {isa = PBXFileReference; lastKnownFileType = folder.assetcatalog; path = Assets.xcassets; sourceTree = "<group>"; };
		020163C02B551E6C0079B338 /* Preview Assets.xcassets */ = {isa = PBXFileReference; lastKnownFileType = folder.assetcatalog; path = "Preview Assets.xcassets"; sourceTree = "<group>"; };
		020163C72B568FE60079B338 /* TabBar.swift */ = {isa = PBXFileReference; lastKnownFileType = sourcecode.swift; path = TabBar.swift; sourceTree = "<group>"; };
		020163D12B5E71BD0079B338 /* Theme.swift */ = {isa = PBXFileReference; lastKnownFileType = sourcecode.swift; path = Theme.swift; sourceTree = "<group>"; };
		020163D32B5E720C0079B338 /* DailyGoal.swift */ = {isa = PBXFileReference; lastKnownFileType = sourcecode.swift; path = DailyGoal.swift; sourceTree = "<group>"; };
		020163D52B5E73660079B338 /* CardDailyGoal.swift */ = {isa = PBXFileReference; lastKnownFileType = sourcecode.swift; path = CardDailyGoal.swift; sourceTree = "<group>"; };
		020163D72B5E772C0079B338 /* CircularProgressView.swift */ = {isa = PBXFileReference; lastKnownFileType = sourcecode.swift; path = CircularProgressView.swift; sourceTree = "<group>"; };
		020163DD2B5E79A30079B338 /* DailyGoalsView.swift */ = {isa = PBXFileReference; lastKnownFileType = sourcecode.swift; path = DailyGoalsView.swift; sourceTree = "<group>"; };
		020163DF2B5E81230079B338 /* HomeView.swift */ = {isa = PBXFileReference; lastKnownFileType = sourcecode.swift; path = HomeView.swift; sourceTree = "<group>"; };
/* End PBXFileReference section */

/* Begin PBXFrameworksBuildPhase section */
		020163B32B551E6B0079B338 /* Frameworks */ = {
			isa = PBXFrameworksBuildPhase;
			buildActionMask = 2147483647;
			files = (
			);
			runOnlyForDeploymentPostprocessing = 0;
		};
/* End PBXFrameworksBuildPhase section */

/* Begin PBXGroup section */
		020163AD2B551E6B0079B338 = {
			isa = PBXGroup;
			children = (
				020163B82B551E6B0079B338 /* GoMuscuApp */,
				020163B72B551E6B0079B338 /* Products */,
			);
			sourceTree = "<group>";
		};
		020163B72B551E6B0079B338 /* Products */ = {
			isa = PBXGroup;
			children = (
				020163B62B551E6B0079B338 /* GoMuscuApp.app */,
			);
			name = Products;
			sourceTree = "<group>";
		};
		020163B82B551E6B0079B338 /* GoMuscuApp */ = {
			isa = PBXGroup;
			children = (
				020163B92B551E6B0079B338 /* GoMuscuAppApp.swift */,
				020163BB2B551E6B0079B338 /* ContentView.swift */,
				020163C72B568FE60079B338 /* TabBar.swift */,
				020163E22B5E96960079B338 /* StartActivity */,
				020163BD2B551E6C0079B338 /* Assets.xcassets */,
				020163BF2B551E6C0079B338 /* Preview Content */,
				020163E12B5E815C0079B338 /* MainView */,
				020163D92B5E79420079B338 /* Models */,
				020163DA2B5E79530079B338 /* DailyGoals */,
			);
			path = GoMuscuApp;
			sourceTree = "<group>";
		};
		020163BF2B551E6C0079B338 /* Preview Content */ = {
			isa = PBXGroup;
			children = (
				020163C02B551E6C0079B338 /* Preview Assets.xcassets */,
			);
			path = "Preview Content";
			sourceTree = "<group>";
		};
		020163D92B5E79420079B338 /* Models */ = {
			isa = PBXGroup;
			children = (
				020163D32B5E720C0079B338 /* DailyGoal.swift */,
				020163D12B5E71BD0079B338 /* Theme.swift */,
			);
			path = Models;
			sourceTree = "<group>";
		};
		020163DA2B5E79530079B338 /* DailyGoals */ = {
			isa = PBXGroup;
			children = (
				020163D52B5E73660079B338 /* CardDailyGoal.swift */,
				020163D72B5E772C0079B338 /* CircularProgressView.swift */,
				020163DD2B5E79A30079B338 /* DailyGoalsView.swift */,
			);
			path = DailyGoals;
			sourceTree = "<group>";
		};
		020163E12B5E815C0079B338 /* MainView */ = {
			isa = PBXGroup;
			children = (
				020163DF2B5E81230079B338 /* HomeView.swift */,
			);
			path = MainView;
			sourceTree = "<group>";
		};
		020163E22B5E96960079B338 /* StartActivity */ = {
			isa = PBXGroup;
			children = (
			);
			path = StartActivity;
			sourceTree = "<group>";
		};
/* End PBXGroup section */

/* Begin PBXNativeTarget section */
		020163B52B551E6B0079B338 /* GoMuscuApp */ = {
			isa = PBXNativeTarget;
			buildConfigurationList = 020163C42B551E6C0079B338 /* Build configuration list for PBXNativeTarget "GoMuscuApp" */;
			buildPhases = (
				020163B22B551E6B0079B338 /* Sources */,
				020163B32B551E6B0079B338 /* Frameworks */,
				020163B42B551E6B0079B338 /* Resources */,
			);
			buildRules = (
			);
			dependencies = (
			);
			name = GoMuscuApp;
			productName = GoMuscuApp;
			productReference = 020163B62B551E6B0079B338 /* GoMuscuApp.app */;
			productType = "com.apple.product-type.application";
		};
/* End PBXNativeTarget section */

/* Begin PBXProject section */
		020163AE2B551E6B0079B338 /* Project object */ = {
			isa = PBXProject;
			attributes = {
				BuildIndependentTargetsInParallel = 1;
				LastSwiftUpdateCheck = 1520;
				LastUpgradeCheck = 1520;
				TargetAttributes = {
					020163B52B551E6B0079B338 = {
						CreatedOnToolsVersion = 15.2;
					};
				};
			};
			buildConfigurationList = 020163B12B551E6B0079B338 /* Build configuration list for PBXProject "GoMuscuApp" */;
			compatibilityVersion = "Xcode 14.0";
			developmentRegion = en;
			hasScannedForEncodings = 0;
			knownRegions = (
				en,
				Base,
			);
			mainGroup = 020163AD2B551E6B0079B338;
			productRefGroup = 020163B72B551E6B0079B338 /* Products */;
			projectDirPath = "";
			projectRoot = "";
			targets = (
				020163B52B551E6B0079B338 /* GoMuscuApp */,
			);
		};
/* End PBXProject section */

/* Begin PBXResourcesBuildPhase section */
		020163B42B551E6B0079B338 /* Resources */ = {
			isa = PBXResourcesBuildPhase;
			buildActionMask = 2147483647;
			files = (
				020163C12B551E6C0079B338 /* Preview Assets.xcassets in Resources */,
				020163BE2B551E6C0079B338 /* Assets.xcassets in Resources */,
			);
			runOnlyForDeploymentPostprocessing = 0;
		};
/* End PBXResourcesBuildPhase section */

/* Begin PBXSourcesBuildPhase section */
		020163B22B551E6B0079B338 /* Sources */ = {
			isa = PBXSourcesBuildPhase;
			buildActionMask = 2147483647;
			files = (
				020163E02B5E81230079B338 /* HomeView.swift in Sources */,
				020163C82B568FE60079B338 /* TabBar.swift in Sources */,
				020163D22B5E71BD0079B338 /* Theme.swift in Sources */,
				020163D42B5E720C0079B338 /* DailyGoal.swift in Sources */,
				020163DE2B5E79A30079B338 /* DailyGoalsView.swift in Sources */,
				020163D82B5E772C0079B338 /* CircularProgressView.swift in Sources */,
				020163BC2B551E6B0079B338 /* ContentView.swift in Sources */,
				020163D62B5E73660079B338 /* CardDailyGoal.swift in Sources */,
				020163BA2B551E6B0079B338 /* GoMuscuAppApp.swift in Sources */,
			);
			runOnlyForDeploymentPostprocessing = 0;
		};
/* End PBXSourcesBuildPhase section */

/* Begin XCBuildConfiguration section */
		020163C22B551E6C0079B338 /* Debug */ = {
			isa = XCBuildConfiguration;
			buildSettings = {
				ALWAYS_SEARCH_USER_PATHS = NO;
				ASSETCATALOG_COMPILER_GENERATE_SWIFT_ASSET_SYMBOL_EXTENSIONS = YES;
				CLANG_ANALYZER_NONNULL = YES;
				CLANG_ANALYZER_NUMBER_OBJECT_CONVERSION = YES_AGGRESSIVE;
				CLANG_CXX_LANGUAGE_STANDARD = "gnu++20";
				CLANG_ENABLE_MODULES = YES;
				CLANG_ENABLE_OBJC_ARC = YES;
				CLANG_ENABLE_OBJC_WEAK = YES;
				CLANG_WARN_BLOCK_CAPTURE_AUTORELEASING = YES;
				CLANG_WARN_BOOL_CONVERSION = YES;
				CLANG_WARN_COMMA = YES;
				CLANG_WARN_CONSTANT_CONVERSION = YES;
				CLANG_WARN_DEPRECATED_OBJC_IMPLEMENTATIONS = YES;
				CLANG_WARN_DIRECT_OBJC_ISA_USAGE = YES_ERROR;
				CLANG_WARN_DOCUMENTATION_COMMENTS = YES;
				CLANG_WARN_EMPTY_BODY = YES;
				CLANG_WARN_ENUM_CONVERSION = YES;
				CLANG_WARN_INFINITE_RECURSION = YES;
				CLANG_WARN_INT_CONVERSION = YES;
				CLANG_WARN_NON_LITERAL_NULL_CONVERSION = YES;
				CLANG_WARN_OBJC_IMPLICIT_RETAIN_SELF = YES;
				CLANG_WARN_OBJC_LITERAL_CONVERSION = YES;
				CLANG_WARN_OBJC_ROOT_CLASS = YES_ERROR;
				CLANG_WARN_QUOTED_INCLUDE_IN_FRAMEWORK_HEADER = YES;
				CLANG_WARN_RANGE_LOOP_ANALYSIS = YES;
				CLANG_WARN_STRICT_PROTOTYPES = YES;
				CLANG_WARN_SUSPICIOUS_MOVE = YES;
				CLANG_WARN_UNGUARDED_AVAILABILITY = YES_AGGRESSIVE;
				CLANG_WARN_UNREACHABLE_CODE = YES;
				CLANG_WARN__DUPLICATE_METHOD_MATCH = YES;
				COPY_PHASE_STRIP = NO;
				DEBUG_INFORMATION_FORMAT = dwarf;
				ENABLE_STRICT_OBJC_MSGSEND = YES;
				ENABLE_TESTABILITY = YES;
				ENABLE_USER_SCRIPT_SANDBOXING = YES;
				GCC_C_LANGUAGE_STANDARD = gnu17;
				GCC_DYNAMIC_NO_PIC = NO;
				GCC_NO_COMMON_BLOCKS = YES;
				GCC_OPTIMIZATION_LEVEL = 0;
				GCC_PREPROCESSOR_DEFINITIONS = (
					"DEBUG=1",
					"$(inherited)",
				);
				GCC_WARN_64_TO_32_BIT_CONVERSION = YES;
				GCC_WARN_ABOUT_RETURN_TYPE = YES_ERROR;
				GCC_WARN_UNDECLARED_SELECTOR = YES;
				GCC_WARN_UNINITIALIZED_AUTOS = YES_AGGRESSIVE;
				GCC_WARN_UNUSED_FUNCTION = YES;
				GCC_WARN_UNUSED_VARIABLE = YES;
				IPHONEOS_DEPLOYMENT_TARGET = 17.2;
				LOCALIZATION_PREFERS_STRING_CATALOGS = YES;
				MTL_ENABLE_DEBUG_INFO = INCLUDE_SOURCE;
				MTL_FAST_MATH = YES;
				ONLY_ACTIVE_ARCH = YES;
				SDKROOT = iphoneos;
				SWIFT_ACTIVE_COMPILATION_CONDITIONS = "DEBUG $(inherited)";
				SWIFT_OPTIMIZATION_LEVEL = "-Onone";
			};
			name = Debug;
		};
		020163C32B551E6C0079B338 /* Release */ = {
			isa = XCBuildConfiguration;
			buildSettings = {
				ALWAYS_SEARCH_USER_PATHS = NO;
				ASSETCATALOG_COMPILER_GENERATE_SWIFT_ASSET_SYMBOL_EXTENSIONS = YES;
				CLANG_ANALYZER_NONNULL = YES;
				CLANG_ANALYZER_NUMBER_OBJECT_CONVERSION = YES_AGGRESSIVE;
				CLANG_CXX_LANGUAGE_STANDARD = "gnu++20";
				CLANG_ENABLE_MODULES = YES;
				CLANG_ENABLE_OBJC_ARC = YES;
				CLANG_ENABLE_OBJC_WEAK = YES;
				CLANG_WARN_BLOCK_CAPTURE_AUTORELEASING = YES;
				CLANG_WARN_BOOL_CONVERSION = YES;
				CLANG_WARN_COMMA = YES;
				CLANG_WARN_CONSTANT_CONVERSION = YES;
				CLANG_WARN_DEPRECATED_OBJC_IMPLEMENTATIONS = YES;
				CLANG_WARN_DIRECT_OBJC_ISA_USAGE = YES_ERROR;
				CLANG_WARN_DOCUMENTATION_COMMENTS = YES;
				CLANG_WARN_EMPTY_BODY = YES;
				CLANG_WARN_ENUM_CONVERSION = YES;
				CLANG_WARN_INFINITE_RECURSION = YES;
				CLANG_WARN_INT_CONVERSION = YES;
				CLANG_WARN_NON_LITERAL_NULL_CONVERSION = YES;
				CLANG_WARN_OBJC_IMPLICIT_RETAIN_SELF = YES;
				CLANG_WARN_OBJC_LITERAL_CONVERSION = YES;
				CLANG_WARN_OBJC_ROOT_CLASS = YES_ERROR;
				CLANG_WARN_QUOTED_INCLUDE_IN_FRAMEWORK_HEADER = YES;
				CLANG_WARN_RANGE_LOOP_ANALYSIS = YES;
				CLANG_WARN_STRICT_PROTOTYPES = YES;
				CLANG_WARN_SUSPICIOUS_MOVE = YES;
				CLANG_WARN_UNGUARDED_AVAILABILITY = YES_AGGRESSIVE;
				CLANG_WARN_UNREACHABLE_CODE = YES;
				CLANG_WARN__DUPLICATE_METHOD_MATCH = YES;
				COPY_PHASE_STRIP = NO;
				DEBUG_INFORMATION_FORMAT = "dwarf-with-dsym";
				ENABLE_NS_ASSERTIONS = NO;
				ENABLE_STRICT_OBJC_MSGSEND = YES;
				ENABLE_USER_SCRIPT_SANDBOXING = YES;
				GCC_C_LANGUAGE_STANDARD = gnu17;
				GCC_NO_COMMON_BLOCKS = YES;
				GCC_WARN_64_TO_32_BIT_CONVERSION = YES;
				GCC_WARN_ABOUT_RETURN_TYPE = YES_ERROR;
				GCC_WARN_UNDECLARED_SELECTOR = YES;
				GCC_WARN_UNINITIALIZED_AUTOS = YES_AGGRESSIVE;
				GCC_WARN_UNUSED_FUNCTION = YES;
				GCC_WARN_UNUSED_VARIABLE = YES;
				IPHONEOS_DEPLOYMENT_TARGET = 17.2;
				LOCALIZATION_PREFERS_STRING_CATALOGS = YES;
				MTL_ENABLE_DEBUG_INFO = NO;
				MTL_FAST_MATH = YES;
				SDKROOT = iphoneos;
				SWIFT_COMPILATION_MODE = wholemodule;
				VALIDATE_PRODUCT = YES;
			};
			name = Release;
		};
		020163C52B551E6C0079B338 /* Debug */ = {
			isa = XCBuildConfiguration;
			buildSettings = {
				ASSETCATALOG_COMPILER_APPICON_NAME = AppIcon;
				ASSETCATALOG_COMPILER_GLOBAL_ACCENT_COLOR_NAME = AccentColor;
				CODE_SIGN_STYLE = Automatic;
				CURRENT_PROJECT_VERSION = 1;
				DEVELOPMENT_ASSET_PATHS = "\"GoMuscuApp/Preview Content\"";
				DEVELOPMENT_TEAM = Q634J49GZL;
				ENABLE_PREVIEWS = YES;
				GENERATE_INFOPLIST_FILE = YES;
				INFOPLIST_KEY_UIApplicationSceneManifest_Generation = YES;
				INFOPLIST_KEY_UIApplicationSupportsIndirectInputEvents = YES;
				INFOPLIST_KEY_UILaunchScreen_Generation = YES;
				INFOPLIST_KEY_UISupportedInterfaceOrientations_iPad = "UIInterfaceOrientationPortrait UIInterfaceOrientationPortraitUpsideDown UIInterfaceOrientationLandscapeLeft UIInterfaceOrientationLandscapeRight";
				INFOPLIST_KEY_UISupportedInterfaceOrientations_iPhone = "UIInterfaceOrientationPortrait UIInterfaceOrientationLandscapeLeft UIInterfaceOrientationLandscapeRight";
				LD_RUNPATH_SEARCH_PATHS = (
					"$(inherited)",
					"@executable_path/Frameworks",
				);
				MARKETING_VERSION = 1.0;
				PRODUCT_BUNDLE_IDENTIFIER = com.leopellegrin.GoMuscuApp;
				PRODUCT_NAME = "$(TARGET_NAME)";
				SWIFT_EMIT_LOC_STRINGS = YES;
				SWIFT_VERSION = 5.0;
				TARGETED_DEVICE_FAMILY = "1,2";
			};
			name = Debug;
		};
		020163C62B551E6C0079B338 /* Release */ = {
			isa = XCBuildConfiguration;
			buildSettings = {
				ASSETCATALOG_COMPILER_APPICON_NAME = AppIcon;
				ASSETCATALOG_COMPILER_GLOBAL_ACCENT_COLOR_NAME = AccentColor;
				CODE_SIGN_STYLE = Automatic;
				CURRENT_PROJECT_VERSION = 1;
				DEVELOPMENT_ASSET_PATHS = "\"GoMuscuApp/Preview Content\"";
				DEVELOPMENT_TEAM = Q634J49GZL;
				ENABLE_PREVIEWS = YES;
				GENERATE_INFOPLIST_FILE = YES;
				INFOPLIST_KEY_UIApplicationSceneManifest_Generation = YES;
				INFOPLIST_KEY_UIApplicationSupportsIndirectInputEvents = YES;
				INFOPLIST_KEY_UILaunchScreen_Generation = YES;
				INFOPLIST_KEY_UISupportedInterfaceOrientations_iPad = "UIInterfaceOrientationPortrait UIInterfaceOrientationPortraitUpsideDown UIInterfaceOrientationLandscapeLeft UIInterfaceOrientationLandscapeRight";
				INFOPLIST_KEY_UISupportedInterfaceOrientations_iPhone = "UIInterfaceOrientationPortrait UIInterfaceOrientationLandscapeLeft UIInterfaceOrientationLandscapeRight";
				LD_RUNPATH_SEARCH_PATHS = (
					"$(inherited)",
					"@executable_path/Frameworks",
				);
				MARKETING_VERSION = 1.0;
				PRODUCT_BUNDLE_IDENTIFIER = com.leopellegrin.GoMuscuApp;
				PRODUCT_NAME = "$(TARGET_NAME)";
				SWIFT_EMIT_LOC_STRINGS = YES;
				SWIFT_VERSION = 5.0;
				TARGETED_DEVICE_FAMILY = "1,2";
			};
			name = Release;
		};
/* End XCBuildConfiguration section */

/* Begin XCConfigurationList section */
		020163B12B551E6B0079B338 /* Build configuration list for PBXProject "GoMuscuApp" */ = {
			isa = XCConfigurationList;
			buildConfigurations = (
				020163C22B551E6C0079B338 /* Debug */,
				020163C32B551E6C0079B338 /* Release */,
			);
			defaultConfigurationIsVisible = 0;
			defaultConfigurationName = Release;
		};
		020163C42B551E6C0079B338 /* Build configuration list for PBXNativeTarget "GoMuscuApp" */ = {
			isa = XCConfigurationList;
			buildConfigurations = (
				020163C52B551E6C0079B338 /* Debug */,
				020163C62B551E6C0079B338 /* Release */,
			);
			defaultConfigurationIsVisible = 0;
			defaultConfigurationName = Release;
		};
/* End XCConfigurationList section */
	};
	rootObject = 020163AE2B551E6B0079B338 /* Project object */;
}
